
Microsoft Visual Studio Solution File, Format Version 12.00
# Visual Studio Version 16
VisualStudioVersion = 16.0.29609.76
MinimumVisualStudioVersion = 10.0.40219.1
Project("{9A19103F-16F7-4668-BE54-9A1E7A4F7556}") = "train", "train.csproj", "{38AFFFE8-E1C6-4347-9179-4F1DC8FDD7B4}"
EndProject
Global
	GlobalSection(SolutionConfigurationPlatforms) = preSolution
		Debug|Any CPU = Debug|Any CPU
		Release|Any CPU = Release|Any CPU
	EndGlobalSection
	GlobalSection(ProjectConfigurationPlatforms) = postSolution
		{38AFFFE8-E1C6-4347-9179-4F1DC8FDD7B4}.Debug|Any CPU.ActiveCfg = Debug|Any CPU
		{38AFFFE8-E1C6-4347-9179-4F1DC8FDD7B4}.Debug|Any CPU.Build.0 = Debug|Any CPU
		{38AFFFE8-E1C6-4347-9179-4F1DC8FDD7B4}.Release|Any CPU.ActiveCfg = Release|Any CPU
		{38AFFFE8-E1C6-4347-9179-4F1DC8FDD7B4}.Release|Any CPU.Build.0 = Release|Any CPU
	EndGlobalSection
	GlobalSection(SolutionProperties) = preSolution
		HideSolutionNode = FALSE
	EndGlobalSection
	GlobalSection(ExtensibilityGlobals) = postSolution
		SolutionGuid = {C4AE8358-CCA1-4AE3-BD73-0A0E6FF27BEE}
	EndGlobalSection
EndGlobal
